// !$*UTF8*$!
{
	archiveVersion = 1;
	classes = {
	};
	objectVersion = 77;
	objects = {

/* Begin PBXContainerItemProxy section */
		BC609BAF2CE788B500EBE4A4 /* PBXContainerItemProxy */ = {
			isa = PBXContainerItemProxy;
			containerPortal = BC609B962CE788B300EBE4A4 /* Project object */;
			proxyType = 1;
			remoteGlobalIDString = BC609B9D2CE788B300EBE4A4;
			remoteInfo = SpeicherTEst;
		};
		BC609BB92CE788B500EBE4A4 /* PBXContainerItemProxy */ = {
			isa = PBXContainerItemProxy;
			containerPortal = BC609B962CE788B300EBE4A4 /* Project object */;
			proxyType = 1;
			remoteGlobalIDString = BC609B9D2CE788B300EBE4A4;
			remoteInfo = SpeicherTEst;
		};
/* End PBXContainerItemProxy section */

/* Begin PBXFileReference section */
		BC609B9E2CE788B300EBE4A4 /* SpeicherTEst.app */ = {isa = PBXFileReference; explicitFileType = wrapper.application; includeInIndex = 0; path = SpeicherTEst.app; sourceTree = BUILT_PRODUCTS_DIR; };
		BC609BAE2CE788B500EBE4A4 /* SpeicherTEstTests.xctest */ = {isa = PBXFileReference; explicitFileType = wrapper.cfbundle; includeInIndex = 0; path = SpeicherTEstTests.xctest; sourceTree = BUILT_PRODUCTS_DIR; };
		BC609BB82CE788B500EBE4A4 /* SpeicherTEstUITests.xctest */ = {isa = PBXFileReference; explicitFileType = wrapper.cfbundle; includeInIndex = 0; path = SpeicherTEstUITests.xctest; sourceTree = BUILT_PRODUCTS_DIR; };
/* End PBXFileReference section */

/* Begin PBXFileSystemSynchronizedRootGroup section */
		BC609BA02CE788B300EBE4A4 /* SpeicherTEst */ = {
			isa = PBXFileSystemSynchronizedRootGroup;
			path = SpeicherTEst;
			sourceTree = "<group>";
		};
		BC609BB12CE788B500EBE4A4 /* SpeicherTEstTests */ = {
			isa = PBXFileSystemSynchronizedRootGroup;
			path = SpeicherTEstTests;
			sourceTree = "<group>";
		};
		BC609BBB2CE788B500EBE4A4 /* SpeicherTEstUITests */ = {
			isa = PBXFileSystemSynchronizedRootGroup;
			path = SpeicherTEstUITests;
			sourceTree = "<group>";
		};
/* End PBXFileSystemSynchronizedRootGroup section */

/* Begin PBXFrameworksBuildPhase section */
		BC609B9B2CE788B300EBE4A4 /* Frameworks */ = {
			isa = PBXFrameworksBuildPhase;
			buildActionMask = 2147483647;
			files = (
			);
			runOnlyForDeploymentPostprocessing = 0;
		};
		BC609BAB2CE788B500EBE4A4 /* Frameworks */ = {
			isa = PBXFrameworksBuildPhase;
			buildActionMask = 2147483647;
			files = (
			);
			runOnlyForDeploymentPostprocessing = 0;
		};
		BC609BB52CE788B500EBE4A4 /* Frameworks */ = {
			isa = PBXFrameworksBuildPhase;
			buildActionMask = 2147483647;
			files = (
			);
			runOnlyForDeploymentPostprocessing = 0;
		};
/* End PBXFrameworksBuildPhase section */

/* Begin PBXGroup section */
		BC609B952CE788B300EBE4A4 = {
			isa = PBXGroup;
			children = (
				BC609BA02CE788B300EBE4A4 /* SpeicherTEst */,
				BC609BB12CE788B500EBE4A4 /* SpeicherTEstTests */,
				BC609BBB2CE788B500EBE4A4 /* SpeicherTEstUITests */,
				BC609B9F2CE788B300EBE4A4 /* Products */,
			);
			sourceTree = "<group>";
		};
		BC609B9F2CE788B300EBE4A4 /* Products */ = {
			isa = PBXGroup;
			children = (
				BC609B9E2CE788B300EBE4A4 /* SpeicherTEst.app */,
				BC609BAE2CE788B500EBE4A4 /* SpeicherTEstTests.xctest */,
				BC609BB82CE788B500EBE4A4 /* SpeicherTEstUITests.xctest */,
			);
			name = Products;
			sourceTree = "<group>";
		};
/* End PBXGroup section */

/* Begin PBXNativeTarget section */
		BC609B9D2CE788B300EBE4A4 /* SpeicherTEst */ = {
			isa = PBXNativeTarget;
			buildConfigurationList = BC609BC22CE788B500EBE4A4 /* Build configuration list for PBXNativeTarget "SpeicherTEst" */;
			buildPhases = (
				BC609B9A2CE788B300EBE4A4 /* Sources */,
				BC609B9B2CE788B300EBE4A4 /* Frameworks */,
				BC609B9C2CE788B300EBE4A4 /* Resources */,
			);
			buildRules = (
			);
			dependencies = (
			);
			fileSystemSynchronizedGroups = (
				BC609BA02CE788B300EBE4A4 /* SpeicherTEst */,
			);
			name = SpeicherTEst;
			packageProductDependencies = (
			);
			productName = SpeicherTEst;
			productReference = BC609B9E2CE788B300EBE4A4 /* SpeicherTEst.app */;
			productType = "com.apple.product-type.application";
		};
		BC609BAD2CE788B500EBE4A4 /* SpeicherTEstTests */ = {
			isa = PBXNativeTarget;
			buildConfigurationList = BC609BC52CE788B500EBE4A4 /* Build configuration list for PBXNativeTarget "SpeicherTEstTests" */;
			buildPhases = (
				BC609BAA2CE788B500EBE4A4 /* Sources */,
				BC609BAB2CE788B500EBE4A4 /* Frameworks */,
				BC609BAC2CE788B500EBE4A4 /* Resources */,
			);
			buildRules = (
			);
			dependencies = (
				BC609BB02CE788B500EBE4A4 /* PBXTargetDependency */,
			);
			fileSystemSynchronizedGroups = (
				BC609BB12CE788B500EBE4A4 /* SpeicherTEstTests */,
			);
			name = SpeicherTEstTests;
			packageProductDependencies = (
			);
			productName = SpeicherTEstTests;
			productReference = BC609BAE2CE788B500EBE4A4 /* SpeicherTEstTests.xctest */;
			productType = "com.apple.product-type.bundle.unit-test";
		};
		BC609BB72CE788B500EBE4A4 /* SpeicherTEstUITests */ = {
			isa = PBXNativeTarget;
			buildConfigurationList = BC609BC82CE788B500EBE4A4 /* Build configuration list for PBXNativeTarget "SpeicherTEstUITests" */;
			buildPhases = (
				BC609BB42CE788B500EBE4A4 /* Sources */,
				BC609BB52CE788B500EBE4A4 /* Frameworks */,
				BC609BB62CE788B500EBE4A4 /* Resources */,
			);
			buildRules = (
			);
			dependencies = (
				BC609BBA2CE788B500EBE4A4 /* PBXTargetDependency */,
			);
			fileSystemSynchronizedGroups = (
				BC609BBB2CE788B500EBE4A4 /* SpeicherTEstUITests */,
			);
			name = SpeicherTEstUITests;
			packageProductDependencies = (
			);
			productName = SpeicherTEstUITests;
			productReference = BC609BB82CE788B500EBE4A4 /* SpeicherTEstUITests.xctest */;
			productType = "com.apple.product-type.bundle.ui-testing";
		};
/* End PBXNativeTarget section */

/* Begin PBXProject section */
		BC609B962CE788B300EBE4A4 /* Project object */ = {
			isa = PBXProject;
			attributes = {
				BuildIndependentTargetsInParallel = 1;
				LastSwiftUpdateCheck = 1610;
				LastUpgradeCheck = 1610;
				TargetAttributes = {
					BC609B9D2CE788B300EBE4A4 = {
						CreatedOnToolsVersion = 16.1;
					};
					BC609BAD2CE788B500EBE4A4 = {
						CreatedOnToolsVersion = 16.1;
						TestTargetID = BC609B9D2CE788B300EBE4A4;
					};
					BC609BB72CE788B500EBE4A4 = {
						CreatedOnToolsVersion = 16.1;
						TestTargetID = BC609B9D2CE788B300EBE4A4;
					};
				};
			};
			buildConfigurationList = BC609B992CE788B300EBE4A4 /* Build configuration list for PBXProject "SpeicherTEst" */;
			developmentRegion = en;
			hasScannedForEncodings = 0;
			knownRegions = (
				en,
				Base,
			);
			mainGroup = BC609B952CE788B300EBE4A4;
			minimizedProjectReferenceProxies = 1;
			preferredProjectObjectVersion = 77;
			productRefGroup = BC609B9F2CE788B300EBE4A4 /* Products */;
			projectDirPath = "";
			projectRoot = "";
			targets = (
				BC609B9D2CE788B300EBE4A4 /* SpeicherTEst */,
				BC609BAD2CE788B500EBE4A4 /* SpeicherTEstTests */,
				BC609BB72CE788B500EBE4A4 /* SpeicherTEstUITests */,
			);
		};
/* End PBXProject section */

/* Begin PBXResourcesBuildPhase section */
		BC609B9C2CE788B300EBE4A4 /* Resources */ = {
			isa = PBXResourcesBuildPhase;
			buildActionMask = 2147483647;
			files = (
			);
			runOnlyForDeploymentPostprocessing = 0;
		};
		BC609BAC2CE788B500EBE4A4 /* Resources */ = {
			isa = PBXResourcesBuildPhase;
			buildActionMask = 2147483647;
			files = (
			);
			runOnlyForDeploymentPostprocessing = 0;
		};
		BC609BB62CE788B500EBE4A4 /* Resources */ = {
			isa = PBXResourcesBuildPhase;
			buildActionMask = 2147483647;
			files = (
			);
			runOnlyForDeploymentPostprocessing = 0;
		};
/* End PBXResourcesBuildPhase section */

/* Begin PBXSourcesBuildPhase section */
		BC609B9A2CE788B300EBE4A4 /* Sources */ = {
			isa = PBXSourcesBuildPhase;
			buildActionMask = 2147483647;
			files = (
			);
			runOnlyForDeploymentPostprocessing = 0;
		};
		BC609BAA2CE788B500EBE4A4 /* Sources */ = {
			isa = PBXSourcesBuildPhase;
			buildActionMask = 2147483647;
			files = (
			);
			runOnlyForDeploymentPostprocessing = 0;
		};
		BC609BB42CE788B500EBE4A4 /* Sources */ = {
			isa = PBXSourcesBuildPhase;
			buildActionMask = 2147483647;
			files = (
			);
			runOnlyForDeploymentPostprocessing = 0;
		};
/* End PBXSourcesBuildPhase section */

/* Begin PBXTargetDependency section */
		BC609BB02CE788B500EBE4A4 /* PBXTargetDependency */ = {
			isa = PBXTargetDependency;
			target = BC609B9D2CE788B300EBE4A4 /* SpeicherTEst */;
			targetProxy = BC609BAF2CE788B500EBE4A4 /* PBXContainerItemProxy */;
		};
		BC609BBA2CE788B500EBE4A4 /* PBXTargetDependency */ = {
			isa = PBXTargetDependency;
			target = BC609B9D2CE788B300EBE4A4 /* SpeicherTEst */;
			targetProxy = BC609BB92CE788B500EBE4A4 /* PBXContainerItemProxy */;
		};
/* End PBXTargetDependency section */

/* Begin XCBuildConfiguration section */
		BC609BC02CE788B500EBE4A4 /* Debug */ = {
			isa = XCBuildConfiguration;
			buildSettings = {
				ALWAYS_SEARCH_USER_PATHS = NO;
				ASSETCATALOG_COMPILER_GENERATE_SWIFT_ASSET_SYMBOL_EXTENSIONS = YES;
				CLANG_ANALYZER_NONNULL = YES;
				CLANG_ANALYZER_NUMBER_OBJECT_CONVERSION = YES_AGGRESSIVE;
				CLANG_CXX_LANGUAGE_STANDARD = "gnu++20";
				CLANG_ENABLE_MODULES = YES;
				CLANG_ENABLE_OBJC_ARC = YES;
				CLANG_ENABLE_OBJC_WEAK = YES;
				CLANG_WARN_BLOCK_CAPTURE_AUTORELEASING = YES;
				CLANG_WARN_BOOL_CONVERSION = YES;
				CLANG_WARN_COMMA = YES;
				CLANG_WARN_CONSTANT_CONVERSION = YES;
				CLANG_WARN_DEPRECATED_OBJC_IMPLEMENTATIONS = YES;
				CLANG_WARN_DIRECT_OBJC_ISA_USAGE = YES_ERROR;
				CLANG_WARN_DOCUMENTATION_COMMENTS = YES;
				CLANG_WARN_EMPTY_BODY = YES;
				CLANG_WARN_ENUM_CONVERSION = YES;
				CLANG_WARN_INFINITE_RECURSION = YES;
				CLANG_WARN_INT_CONVERSION = YES;
				CLANG_WARN_NON_LITERAL_NULL_CONVERSION = YES;
				CLANG_WARN_OBJC_IMPLICIT_RETAIN_SELF = YES;
				CLANG_WARN_OBJC_LITERAL_CONVERSION = YES;
				CLANG_WARN_OBJC_ROOT_CLASS = YES_ERROR;
				CLANG_WARN_QUOTED_INCLUDE_IN_FRAMEWORK_HEADER = YES;
				CLANG_WARN_RANGE_LOOP_ANALYSIS = YES;
				CLANG_WARN_STRICT_PROTOTYPES = YES;
				CLANG_WARN_SUSPICIOUS_MOVE = YES;
				CLANG_WARN_UNGUARDED_AVAILABILITY = YES_AGGRESSIVE;
				CLANG_WARN_UNREACHABLE_CODE = YES;
				CLANG_WARN__DUPLICATE_METHOD_MATCH = YES;
				COPY_PHASE_STRIP = NO;
				DEBUG_INFORMATION_FORMAT = dwarf;
				ENABLE_STRICT_OBJC_MSGSEND = YES;
				ENABLE_TESTABILITY = YES;
				ENABLE_USER_SCRIPT_SANDBOXING = YES;
				GCC_C_LANGUAGE_STANDARD = gnu17;
				GCC_DYNAMIC_NO_PIC = NO;
				GCC_NO_COMMON_BLOCKS = YES;
				GCC_OPTIMIZATION_LEVEL = 0;
				GCC_PREPROCESSOR_DEFINITIONS = (
					"DEBUG=1",
					"$(inherited)",
				);
				GCC_WARN_64_TO_32_BIT_CONVERSION = YES;
				GCC_WARN_ABOUT_RETURN_TYPE = YES_ERROR;
				GCC_WARN_UNDECLARED_SELECTOR = YES;
				GCC_WARN_UNINITIALIZED_AUTOS = YES_AGGRESSIVE;
				GCC_WARN_UNUSED_FUNCTION = YES;
				GCC_WARN_UNUSED_VARIABLE = YES;
				IPHONEOS_DEPLOYMENT_TARGET = 18.1;
				LOCALIZATION_PREFERS_STRING_CATALOGS = YES;
				MTL_ENABLE_DEBUG_INFO = INCLUDE_SOURCE;
				MTL_FAST_MATH = YES;
				ONLY_ACTIVE_ARCH = YES;
				SDKROOT = iphoneos;
				SWIFT_ACTIVE_COMPILATION_CONDITIONS = "DEBUG $(inherited)";
				SWIFT_OPTIMIZATION_LEVEL = "-Onone";
			};
			name = Debug;
		};
		BC609BC12CE788B500EBE4A4 /* Release */ = {
			isa = XCBuildConfiguration;
			buildSettings = {
				ALWAYS_SEARCH_USER_PATHS = NO;
				ASSETCATALOG_COMPILER_GENERATE_SWIFT_ASSET_SYMBOL_EXTENSIONS = YES;
				CLANG_ANALYZER_NONNULL = YES;
				CLANG_ANALYZER_NUMBER_OBJECT_CONVERSION = YES_AGGRESSIVE;
				CLANG_CXX_LANGUAGE_STANDARD = "gnu++20";
				CLANG_ENABLE_MODULES = YES;
				CLANG_ENABLE_OBJC_ARC = YES;
				CLANG_ENABLE_OBJC_WEAK = YES;
				CLANG_WARN_BLOCK_CAPTURE_AUTORELEASING = YES;
				CLANG_WARN_BOOL_CONVERSION = YES;
				CLANG_WARN_COMMA = YES;
				CLANG_WARN_CONSTANT_CONVERSION = YES;
				CLANG_WARN_DEPRECATED_OBJC_IMPLEMENTATIONS = YES;
				CLANG_WARN_DIRECT_OBJC_ISA_USAGE = YES_ERROR;
				CLANG_WARN_DOCUMENTATION_COMMENTS = YES;
				CLANG_WARN_EMPTY_BODY = YES;
				CLANG_WARN_ENUM_CONVERSION = YES;
				CLANG_WARN_INFINITE_RECURSION = YES;
				CLANG_WARN_INT_CONVERSION = YES;
				CLANG_WARN_NON_LITERAL_NULL_CONVERSION = YES;
				CLANG_WARN_OBJC_IMPLICIT_RETAIN_SELF = YES;
				CLANG_WARN_OBJC_LITERAL_CONVERSION = YES;
				CLANG_WARN_OBJC_ROOT_CLASS = YES_ERROR;
				CLANG_WARN_QUOTED_INCLUDE_IN_FRAMEWORK_HEADER = YES;
				CLANG_WARN_RANGE_LOOP_ANALYSIS = YES;
				CLANG_WARN_STRICT_PROTOTYPES = YES;
				CLANG_WARN_SUSPICIOUS_MOVE = YES;
				CLANG_WARN_UNGUARDED_AVAILABILITY = YES_AGGRESSIVE;
				CLANG_WARN_UNREACHABLE_CODE = YES;
				CLANG_WARN__DUPLICATE_METHOD_MATCH = YES;
				COPY_PHASE_STRIP = NO;
				DEBUG_INFORMATION_FORMAT = "dwarf-with-dsym";
				ENABLE_NS_ASSERTIONS = NO;
				ENABLE_STRICT_OBJC_MSGSEND = YES;
				ENABLE_USER_SCRIPT_SANDBOXING = YES;
				GCC_C_LANGUAGE_STANDARD = gnu17;
				GCC_NO_COMMON_BLOCKS = YES;
				GCC_WARN_64_TO_32_BIT_CONVERSION = YES;
				GCC_WARN_ABOUT_RETURN_TYPE = YES_ERROR;
				GCC_WARN_UNDECLARED_SELECTOR = YES;
				GCC_WARN_UNINITIALIZED_AUTOS = YES_AGGRESSIVE;
				GCC_WARN_UNUSED_FUNCTION = YES;
				GCC_WARN_UNUSED_VARIABLE = YES;
				IPHONEOS_DEPLOYMENT_TARGET = 18.1;
				LOCALIZATION_PREFERS_STRING_CATALOGS = YES;
				MTL_ENABLE_DEBUG_INFO = NO;
				MTL_FAST_MATH = YES;
				SDKROOT = iphoneos;
				SWIFT_COMPILATION_MODE = wholemodule;
				VALIDATE_PRODUCT = YES;
			};
			name = Release;
		};
		BC609BC32CE788B500EBE4A4 /* Debug */ = {
			isa = XCBuildConfiguration;
			buildSettings = {
				ASSETCATALOG_COMPILER_APPICON_NAME = AppIcon;
				ASSETCATALOG_COMPILER_GLOBAL_ACCENT_COLOR_NAME = AccentColor;
				CODE_SIGN_STYLE = Automatic;
				CURRENT_PROJECT_VERSION = 1;
				DEVELOPMENT_ASSET_PATHS = "\"SpeicherTEst/Preview Content\"";
				DEVELOPMENT_TEAM = R33F66NC6B;
				ENABLE_PREVIEWS = YES;
				GENERATE_INFOPLIST_FILE = YES;
				INFOPLIST_KEY_UIApplicationSceneManifest_Generation = YES;
				INFOPLIST_KEY_UIApplicationSupportsIndirectInputEvents = YES;
				INFOPLIST_KEY_UILaunchScreen_Generation = YES;
				INFOPLIST_KEY_UISupportedInterfaceOrientations_iPad = "UIInterfaceOrientationPortrait UIInterfaceOrientationPortraitUpsideDown UIInterfaceOrientationLandscapeLeft UIInterfaceOrientationLandscapeRight";
				INFOPLIST_KEY_UISupportedInterfaceOrientations_iPhone = "UIInterfaceOrientationPortrait UIInterfaceOrientationLandscapeLeft UIInterfaceOrientationLandscapeRight";
				LD_RUNPATH_SEARCH_PATHS = (
					"$(inherited)",
					"@executable_path/Frameworks",
				);
				MARKETING_VERSION = 1.0;
				PRODUCT_BUNDLE_IDENTIFIER = Aryf.SpeicherTEst;
				PRODUCT_NAME = "$(TARGET_NAME)";
				SWIFT_EMIT_LOC_STRINGS = YES;
				SWIFT_VERSION = 5.0;
				TARGETED_DEVICE_FAMILY = "1,2";
			};
			name = Debug;
		};
		BC609BC42CE788B500EBE4A4 /* Release */ = {
			isa = XCBuildConfiguration;
			buildSettings = {
				ASSETCATALOG_COMPILER_APPICON_NAME = AppIcon;
				ASSETCATALOG_COMPILER_GLOBAL_ACCENT_COLOR_NAME = AccentColor;
				CODE_SIGN_STYLE = Automatic;
				CURRENT_PROJECT_VERSION = 1;
				DEVELOPMENT_ASSET_PATHS = "\"SpeicherTEst/Preview Content\"";
				DEVELOPMENT_TEAM = R33F66NC6B;
				ENABLE_PREVIEWS = YES;
				GENERATE_INFOPLIST_FILE = YES;
				INFOPLIST_KEY_UIApplicationSceneManifest_Generation = YES;
				INFOPLIST_KEY_UIApplicationSupportsIndirectInputEvents = YES;
				INFOPLIST_KEY_UILaunchScreen_Generation = YES;
				INFOPLIST_KEY_UISupportedInterfaceOrientations_iPad = "UIInterfaceOrientationPortrait UIInterfaceOrientationPortraitUpsideDown UIInterfaceOrientationLandscapeLeft UIInterfaceOrientationLandscapeRight";
				INFOPLIST_KEY_UISupportedInterfaceOrientations_iPhone = "UIInterfaceOrientationPortrait UIInterfaceOrientationLandscapeLeft UIInterfaceOrientationLandscapeRight";
				LD_RUNPATH_SEARCH_PATHS = (
					"$(inherited)",
					"@executable_path/Frameworks",
				);
				MARKETING_VERSION = 1.0;
				PRODUCT_BUNDLE_IDENTIFIER = Aryf.SpeicherTEst;
				PRODUCT_NAME = "$(TARGET_NAME)";
				SWIFT_EMIT_LOC_STRINGS = YES;
				SWIFT_VERSION = 5.0;
				TARGETED_DEVICE_FAMILY = "1,2";
			};
			name = Release;
		};
		BC609BC62CE788B500EBE4A4 /* Debug */ = {
			isa = XCBuildConfiguration;
			buildSettings = {
				BUNDLE_LOADER = "$(TEST_HOST)";
				CODE_SIGN_STYLE = Automatic;
				CURRENT_PROJECT_VERSION = 1;
				DEVELOPMENT_TEAM = R33F66NC6B;
				GENERATE_INFOPLIST_FILE = YES;
				IPHONEOS_DEPLOYMENT_TARGET = 18.1;
				MARKETING_VERSION = 1.0;
				PRODUCT_BUNDLE_IDENTIFIER = Aryf.SpeicherTEstTests;
				PRODUCT_NAME = "$(TARGET_NAME)";
				SWIFT_EMIT_LOC_STRINGS = NO;
				SWIFT_VERSION = 5.0;
				TARGETED_DEVICE_FAMILY = "1,2";
				TEST_HOST = "$(BUILT_PRODUCTS_DIR)/SpeicherTEst.app/$(BUNDLE_EXECUTABLE_FOLDER_PATH)/SpeicherTEst";
			};
			name = Debug;
		};
		BC609BC72CE788B500EBE4A4 /* Release */ = {
			isa = XCBuildConfiguration;
			buildSettings = {
				BUNDLE_LOADER = "$(TEST_HOST)";
				CODE_SIGN_STYLE = Automatic;
				CURRENT_PROJECT_VERSION = 1;
				DEVELOPMENT_TEAM = R33F66NC6B;
				GENERATE_INFOPLIST_FILE = YES;
				IPHONEOS_DEPLOYMENT_TARGET = 18.1;
				MARKETING_VERSION = 1.0;
				PRODUCT_BUNDLE_IDENTIFIER = Aryf.SpeicherTEstTests;
				PRODUCT_NAME = "$(TARGET_NAME)";
				SWIFT_EMIT_LOC_STRINGS = NO;
				SWIFT_VERSION = 5.0;
				TARGETED_DEVICE_FAMILY = "1,2";
				TEST_HOST = "$(BUILT_PRODUCTS_DIR)/SpeicherTEst.app/$(BUNDLE_EXECUTABLE_FOLDER_PATH)/SpeicherTEst";
			};
			name = Release;
		};
		BC609BC92CE788B500EBE4A4 /* Debug */ = {
			isa = XCBuildConfiguration;
			buildSettings = {
				CODE_SIGN_STYLE = Automatic;
				CURRENT_PROJECT_VERSION = 1;
				DEVELOPMENT_TEAM = R33F66NC6B;
				GENERATE_INFOPLIST_FILE = YES;
				MARKETING_VERSION = 1.0;
				PRODUCT_BUNDLE_IDENTIFIER = Aryf.SpeicherTEstUITests;
				PRODUCT_NAME = "$(TARGET_NAME)";
				SWIFT_EMIT_LOC_STRINGS = NO;
				SWIFT_VERSION = 5.0;
				TARGETED_DEVICE_FAMILY = "1,2";
				TEST_TARGET_NAME = SpeicherTEst;
			};
			name = Debug;
		};
		BC609BCA2CE788B500EBE4A4 /* Release */ = {
			isa = XCBuildConfiguration;
			buildSettings = {
				CODE_SIGN_STYLE = Automatic;
				CURRENT_PROJECT_VERSION = 1;
				DEVELOPMENT_TEAM = R33F66NC6B;
				GENERATE_INFOPLIST_FILE = YES;
				MARKETING_VERSION = 1.0;
				PRODUCT_BUNDLE_IDENTIFIER = Aryf.SpeicherTEstUITests;
				PRODUCT_NAME = "$(TARGET_NAME)";
				SWIFT_EMIT_LOC_STRINGS = NO;
				SWIFT_VERSION = 5.0;
				TARGETED_DEVICE_FAMILY = "1,2";
				TEST_TARGET_NAME = SpeicherTEst;
			};
			name = Release;
		};
/* End XCBuildConfiguration section */

/* Begin XCConfigurationList section */
		BC609B992CE788B300EBE4A4 /* Build configuration list for PBXProject "SpeicherTEst" */ = {
			isa = XCConfigurationList;
			buildConfigurations = (
				BC609BC02CE788B500EBE4A4 /* Debug */,
				BC609BC12CE788B500EBE4A4 /* Release */,
			);
			defaultConfigurationIsVisible = 0;
			defaultConfigurationName = Release;
		};
		BC609BC22CE788B500EBE4A4 /* Build configuration list for PBXNativeTarget "SpeicherTEst" */ = {
			isa = XCConfigurationList;
			buildConfigurations = (
				BC609BC32CE788B500EBE4A4 /* Debug */,
				BC609BC42CE788B500EBE4A4 /* Release */,
			);
			defaultConfigurationIsVisible = 0;
			defaultConfigurationName = Release;
		};
		BC609BC52CE788B500EBE4A4 /* Build configuration list for PBXNativeTarget "SpeicherTEstTests" */ = {
			isa = XCConfigurationList;
			buildConfigurations = (
				BC609BC62CE788B500EBE4A4 /* Debug */,
				BC609BC72CE788B500EBE4A4 /* Release */,
			);
			defaultConfigurationIsVisible = 0;
			defaultConfigurationName = Release;
		};
		BC609BC82CE788B500EBE4A4 /* Build configuration list for PBXNativeTarget "SpeicherTEstUITests" */ = {
			isa = XCConfigurationList;
			buildConfigurations = (
				BC609BC92CE788B500EBE4A4 /* Debug */,
				BC609BCA2CE788B500EBE4A4 /* Release */,
			);
			defaultConfigurationIsVisible = 0;
			defaultConfigurationName = Release;
		};
/* End XCConfigurationList section */
	};
	rootObject = BC609B962CE788B300EBE4A4 /* Project object */;
}
